// !$*UTF8*$!
{
	archiveVersion = 1;
	classes = {
	};
	objectVersion = 46;
	objects = {

/* Begin PBXBuildFile section */
		7B07D5D31DB6D331000C730A /* Assets.xcassets in Resources */ = {isa = PBXBuildFile; fileRef = 7B07D5D21DB6D331000C730A /* Assets.xcassets */; };
		7B8D82CE1DB52F0100805FC0 /* AppDelegate.swift in Sources */ = {isa = PBXBuildFile; fileRef = 7B8D82CD1DB52F0100805FC0 /* AppDelegate.swift */; };
		7B8D82D31DB52F0100805FC0 /* Main.storyboard in Resources */ = {isa = PBXBuildFile; fileRef = 7B8D82D11DB52F0100805FC0 /* Main.storyboard */; };
		7B8D82D61DB52F0100805FC0 /* PricingApp.xcdatamodeld in Sources */ = {isa = PBXBuildFile; fileRef = 7B8D82D41DB52F0100805FC0 /* PricingApp.xcdatamodeld */; };
		7B8D82DB1DB52F0100805FC0 /* LaunchScreen.storyboard in Resources */ = {isa = PBXBuildFile; fileRef = 7B8D82D91DB52F0100805FC0 /* LaunchScreen.storyboard */; };
		7B8D82E31DB52F3200805FC0 /* MainViewController.swift in Sources */ = {isa = PBXBuildFile; fileRef = 7B8D82E21DB52F3200805FC0 /* MainViewController.swift */; };
		7B8D82EA1DB533EF00805FC0 /* Calculator.swift in Sources */ = {isa = PBXBuildFile; fileRef = 7B8D82E91DB533EF00805FC0 /* Calculator.swift */; };
		7B8D82EC1DB5493A00805FC0 /* Extensions.swift in Sources */ = {isa = PBXBuildFile; fileRef = 7B8D82EB1DB5493A00805FC0 /* Extensions.swift */; };
/* End PBXBuildFile section */

/* Begin PBXFileReference section */
		7B07D5D21DB6D331000C730A /* Assets.xcassets */ = {isa = PBXFileReference; lastKnownFileType = folder.assetcatalog; path = Assets.xcassets; sourceTree = "<group>"; };
		7B8D82CA1DB52F0100805FC0 /* PricingApp.app */ = {isa = PBXFileReference; explicitFileType = wrapper.application; includeInIndex = 0; path = PricingApp.app; sourceTree = BUILT_PRODUCTS_DIR; };
		7B8D82CD1DB52F0100805FC0 /* AppDelegate.swift */ = {isa = PBXFileReference; lastKnownFileType = sourcecode.swift; path = AppDelegate.swift; sourceTree = "<group>"; };
		7B8D82D21DB52F0100805FC0 /* Base */ = {isa = PBXFileReference; lastKnownFileType = file.storyboard; name = Base; path = Base.lproj/Main.storyboard; sourceTree = "<group>"; };
		7B8D82D51DB52F0100805FC0 /* PricingApp.xcdatamodel */ = {isa = PBXFileReference; lastKnownFileType = wrapper.xcdatamodel; path = PricingApp.xcdatamodel; sourceTree = "<group>"; };
		7B8D82DA1DB52F0100805FC0 /* Base */ = {isa = PBXFileReference; lastKnownFileType = file.storyboard; name = Base; path = Base.lproj/LaunchScreen.storyboard; sourceTree = "<group>"; };
		7B8D82DC1DB52F0100805FC0 /* Info.plist */ = {isa = PBXFileReference; lastKnownFileType = text.plist.xml; path = Info.plist; sourceTree = "<group>"; };
		7B8D82E21DB52F3200805FC0 /* MainViewController.swift */ = {isa = PBXFileReference; fileEncoding = 4; lastKnownFileType = sourcecode.swift; name = MainViewController.swift; path = ../MainViewController.swift; sourceTree = "<group>"; };
		7B8D82E91DB533EF00805FC0 /* Calculator.swift */ = {isa = PBXFileReference; fileEncoding = 4; lastKnownFileType = sourcecode.swift; path = Calculator.swift; sourceTree = "<group>"; };
		7B8D82EB1DB5493A00805FC0 /* Extensions.swift */ = {isa = PBXFileReference; fileEncoding = 4; lastKnownFileType = sourcecode.swift; path = Extensions.swift; sourceTree = "<group>"; };
/* End PBXFileReference section */

/* Begin PBXFrameworksBuildPhase section */
		7B8D82C71DB52F0100805FC0 /* Frameworks */ = {
			isa = PBXFrameworksBuildPhase;
			buildActionMask = 2147483647;
			files = (
			);
			runOnlyForDeploymentPostprocessing = 0;
		};
/* End PBXFrameworksBuildPhase section */

/* Begin PBXGroup section */
		7B8D82C11DB52F0100805FC0 = {
			isa = PBXGroup;
			children = (
				7B8D82CC1DB52F0100805FC0 /* PricingApp */,
				7B8D82CB1DB52F0100805FC0 /* Products */,
			);
			sourceTree = "<group>";
		};
		7B8D82CB1DB52F0100805FC0 /* Products */ = {
			isa = PBXGroup;
			children = (
				7B8D82CA1DB52F0100805FC0 /* PricingApp.app */,
			);
			name = Products;
			sourceTree = "<group>";
		};
		7B8D82CC1DB52F0100805FC0 /* PricingApp */ = {
			isa = PBXGroup;
			children = (
				7B8D82E61DB52F4C00805FC0 /* Model */,
				7B8D82E51DB52F4600805FC0 /* View */,
				7B8D82E41DB52F3C00805FC0 /* Controller */,
				7B8D82CD1DB52F0100805FC0 /* AppDelegate.swift */,
				7B8D82EB1DB5493A00805FC0 /* Extensions.swift */,
				7B07D5D21DB6D331000C730A /* Assets.xcassets */,
				7B8D82D11DB52F0100805FC0 /* Main.storyboard */,
				7B8D82D91DB52F0100805FC0 /* LaunchScreen.storyboard */,
				7B8D82DC1DB52F0100805FC0 /* Info.plist */,
				7B8D82D41DB52F0100805FC0 /* PricingApp.xcdatamodeld */,
			);
			path = PricingApp;
			sourceTree = "<group>";
		};
		7B8D82E41DB52F3C00805FC0 /* Controller */ = {
			isa = PBXGroup;
			children = (
				7B8D82E21DB52F3200805FC0 /* MainViewController.swift */,
			);
			name = Controller;
			sourceTree = "<group>";
		};
		7B8D82E51DB52F4600805FC0 /* View */ = {
			isa = PBXGroup;
			children = (
			);
			name = View;
			sourceTree = "<group>";
		};
		7B8D82E61DB52F4C00805FC0 /* Model */ = {
			isa = PBXGroup;
			children = (
				7B8D82E91DB533EF00805FC0 /* Calculator.swift */,
			);
			name = Model;
			sourceTree = "<group>";
		};
/* End PBXGroup section */

/* Begin PBXNativeTarget section */
		7B8D82C91DB52F0100805FC0 /* PricingApp */ = {
			isa = PBXNativeTarget;
			buildConfigurationList = 7B8D82DF1DB52F0100805FC0 /* Build configuration list for PBXNativeTarget "PricingApp" */;
			buildPhases = (
				7B8D82C61DB52F0100805FC0 /* Sources */,
				7B8D82C71DB52F0100805FC0 /* Frameworks */,
				7B8D82C81DB52F0100805FC0 /* Resources */,
			);
			buildRules = (
			);
			dependencies = (
			);
			name = PricingApp;
			productName = PricingApp;
			productReference = 7B8D82CA1DB52F0100805FC0 /* PricingApp.app */;
			productType = "com.apple.product-type.application";
		};
/* End PBXNativeTarget section */

/* Begin PBXProject section */
		7B8D82C21DB52F0100805FC0 /* Project object */ = {
			isa = PBXProject;
			attributes = {
				LastSwiftUpdateCheck = 0800;
				LastUpgradeCheck = 0800;
				ORGANIZATIONNAME = "Steven Yang";
				TargetAttributes = {
					7B8D82C91DB52F0100805FC0 = {
						CreatedOnToolsVersion = 8.0;
						DevelopmentTeam = TP9E7CXU62;
						ProvisioningStyle = Automatic;
					};
				};
			};
			buildConfigurationList = 7B8D82C51DB52F0100805FC0 /* Build configuration list for PBXProject "PricingApp" */;
			compatibilityVersion = "Xcode 3.2";
			developmentRegion = English;
			hasScannedForEncodings = 0;
			knownRegions = (
				en,
				Base,
			);
			mainGroup = 7B8D82C11DB52F0100805FC0;
			productRefGroup = 7B8D82CB1DB52F0100805FC0 /* Products */;
			projectDirPath = "";
			projectRoot = "";
			targets = (
				7B8D82C91DB52F0100805FC0 /* PricingApp */,
			);
		};
/* End PBXProject section */

/* Begin PBXResourcesBuildPhase section */
		7B8D82C81DB52F0100805FC0 /* Resources */ = {
			isa = PBXResourcesBuildPhase;
			buildActionMask = 2147483647;
			files = (
				7B8D82DB1DB52F0100805FC0 /* LaunchScreen.storyboard in Resources */,
				7B07D5D31DB6D331000C730A /* Assets.xcassets in Resources */,
				7B8D82D31DB52F0100805FC0 /* Main.storyboard in Resources */,
			);
			runOnlyForDeploymentPostprocessing = 0;
		};
/* End PBXResourcesBuildPhase section */

/* Begin PBXSourcesBuildPhase section */
		7B8D82C61DB52F0100805FC0 /* Sources */ = {
			isa = PBXSourcesBuildPhase;
			buildActionMask = 2147483647;
			files = (
				7B8D82EC1DB5493A00805FC0 /* Extensions.swift in Sources */,
				7B8D82E31DB52F3200805FC0 /* MainViewController.swift in Sources */,
				7B8D82EA1DB533EF00805FC0 /* Calculator.swift in Sources */,
				7B8D82D61DB52F0100805FC0 /* PricingApp.xcdatamodeld in Sources */,
				7B8D82CE1DB52F0100805FC0 /* AppDelegate.swift in Sources */,
			);
			runOnlyForDeploymentPostprocessing = 0;
		};
/* End PBXSourcesBuildPhase section */

/* Begin PBXVariantGroup section */
		7B8D82D11DB52F0100805FC0 /* Main.storyboard */ = {
			isa = PBXVariantGroup;
			children = (
				7B8D82D21DB52F0100805FC0 /* Base */,
			);
			name = Main.storyboard;
			sourceTree = "<group>";
		};
		7B8D82D91DB52F0100805FC0 /* LaunchScreen.storyboard */ = {
			isa = PBXVariantGroup;
			children = (
				7B8D82DA1DB52F0100805FC0 /* Base */,
			);
			name = LaunchScreen.storyboard;
			sourceTree = "<group>";
		};
/* End PBXVariantGroup section */

/* Begin XCBuildConfiguration section */
		7B8D82DD1DB52F0100805FC0 /* Debug */ = {
			isa = XCBuildConfiguration;
			buildSettings = {
				ALWAYS_SEARCH_USER_PATHS = NO;
				CLANG_ANALYZER_NONNULL = YES;
				CLANG_CXX_LANGUAGE_STANDARD = "gnu++0x";
				CLANG_CXX_LIBRARY = "libc++";
				CLANG_ENABLE_MODULES = YES;
				CLANG_ENABLE_OBJC_ARC = YES;
				CLANG_WARN_BOOL_CONVERSION = YES;
				CLANG_WARN_CONSTANT_CONVERSION = YES;
				CLANG_WARN_DIRECT_OBJC_ISA_USAGE = YES_ERROR;
				CLANG_WARN_DOCUMENTATION_COMMENTS = YES;
				CLANG_WARN_EMPTY_BODY = YES;
				CLANG_WARN_ENUM_CONVERSION = YES;
				CLANG_WARN_INFINITE_RECURSION = YES;
				CLANG_WARN_INT_CONVERSION = YES;
				CLANG_WARN_OBJC_ROOT_CLASS = YES_ERROR;
				CLANG_WARN_SUSPICIOUS_MOVES = YES;
				CLANG_WARN_UNREACHABLE_CODE = YES;
				CLANG_WARN__DUPLICATE_METHOD_MATCH = YES;
				"CODE_SIGN_IDENTITY[sdk=iphoneos*]" = "iPhone Developer";
				COPY_PHASE_STRIP = NO;
				DEBUG_INFORMATION_FORMAT = dwarf;
				ENABLE_STRICT_OBJC_MSGSEND = YES;
				ENABLE_TESTABILITY = YES;
				GCC_C_LANGUAGE_STANDARD = gnu99;
				GCC_DYNAMIC_NO_PIC = NO;
				GCC_NO_COMMON_BLOCKS = YES;
				GCC_OPTIMIZATION_LEVEL = 0;
				GCC_PREPROCESSOR_DEFINITIONS = (
					"DEBUG=1",
					"$(inherited)",
				);
				GCC_WARN_64_TO_32_BIT_CONVERSION = YES;
				GCC_WARN_ABOUT_RETURN_TYPE = YES_ERROR;
				GCC_WARN_UNDECLARED_SELECTOR = YES;
				GCC_WARN_UNINITIALIZED_AUTOS = YES_AGGRESSIVE;
				GCC_WARN_UNUSED_FUNCTION = YES;
				GCC_WARN_UNUSED_VARIABLE = YES;
				IPHONEOS_DEPLOYMENT_TARGET = 10.0;
				MTL_ENABLE_DEBUG_INFO = YES;
				ONLY_ACTIVE_ARCH = YES;
				SDKROOT = iphoneos;
				SWIFT_ACTIVE_COMPILATION_CONDITIONS = DEBUG;
				SWIFT_OPTIMIZATION_LEVEL = "-Onone";
				TARGETED_DEVICE_FAMILY = "1,2";
			};
			name = Debug;
		};
		7B8D82DE1DB52F0100805FC0 /* Release */ = {
			isa = XCBuildConfiguration;
			buildSettings = {
				ALWAYS_SEARCH_USER_PATHS = NO;
				CLANG_ANALYZER_NONNULL = YES;
				CLANG_CXX_LANGUAGE_STANDARD = "gnu++0x";
				CLANG_CXX_LIBRARY = "libc++";
				CLANG_ENABLE_MODULES = YES;
				CLANG_ENABLE_OBJC_ARC = YES;
				CLANG_WARN_BOOL_CONVERSION = YES;
				CLANG_WARN_CONSTANT_CONVERSION = YES;
				CLANG_WARN_DIRECT_OBJC_ISA_USAGE = YES_ERROR;
				CLANG_WARN_DOCUMENTATION_COMMENTS = YES;
				CLANG_WARN_EMPTY_BODY = YES;
				CLANG_WARN_ENUM_CONVERSION = YES;
				CLANG_WARN_INFINITE_RECURSION = YES;
				CLANG_WARN_INT_CONVERSION = YES;
				CLANG_WARN_OBJC_ROOT_CLASS = YES_ERROR;
				CLANG_WARN_SUSPICIOUS_MOVES = YES;
				CLANG_WARN_UNREACHABLE_CODE = YES;
				CLANG_WARN__DUPLICATE_METHOD_MATCH = YES;
				"CODE_SIGN_IDENTITY[sdk=iphoneos*]" = "iPhone Developer";
				COPY_PHASE_STRIP = NO;
				DEBUG_INFORMATION_FORMAT = "dwarf-with-dsym";
				ENABLE_NS_ASSERTIONS = NO;
				ENABLE_STRICT_OBJC_MSGSEND = YES;
				GCC_C_LANGUAGE_STANDARD = gnu99;
				GCC_NO_COMMON_BLOCKS = YES;
				GCC_WARN_64_TO_32_BIT_CONVERSION = YES;
				GCC_WARN_ABOUT_RETURN_TYPE = YES_ERROR;
				GCC_WARN_UNDECLARED_SELECTOR = YES;
				GCC_WARN_UNINITIALIZED_AUTOS = YES_AGGRESSIVE;
				GCC_WARN_UNUSED_FUNCTION = YES;
				GCC_WARN_UNUSED_VARIABLE = YES;
				IPHONEOS_DEPLOYMENT_TARGET = 10.0;
				MTL_ENABLE_DEBUG_INFO = NO;
				SDKROOT = iphoneos;
				SWIFT_OPTIMIZATION_LEVEL = "-Owholemodule";
				TARGETED_DEVICE_FAMILY = "1,2";
				VALIDATE_PRODUCT = YES;
			};
			name = Release;
		};
		7B8D82E01DB52F0100805FC0 /* Debug */ = {
			isa = XCBuildConfiguration;
			buildSettings = {
				ASSETCATALOG_COMPILER_APPICON_NAME = AppIcon;
				DEVELOPMENT_TEAM = TP9E7CXU62;
				INFOPLIST_FILE = PricingApp/Info.plist;
				LD_RUNPATH_SEARCH_PATHS = "$(inherited) @executable_path/Frameworks";
				PRODUCT_BUNDLE_IDENTIFIER = com.yato.PricingApp;
				PRODUCT_NAME = "$(TARGET_NAME)";
				SWIFT_VERSION = 3.0;
			};
			name = Debug;
		};
		7B8D82E11DB52F0100805FC0 /* Release */ = {
			isa = XCBuildConfiguration;
			buildSettings = {
				ASSETCATALOG_COMPILER_APPICON_NAME = AppIcon;
				DEVELOPMENT_TEAM = TP9E7CXU62;
				INFOPLIST_FILE = PricingApp/Info.plist;
				LD_RUNPATH_SEARCH_PATHS = "$(inherited) @executable_path/Frameworks";
				PRODUCT_BUNDLE_IDENTIFIER = com.yato.PricingApp;
				PRODUCT_NAME = "$(TARGET_NAME)";
				SWIFT_VERSION = 3.0;
			};
			name = Release;
		};
/* End XCBuildConfiguration section */

/* Begin XCConfigurationList section */
		7B8D82C51DB52F0100805FC0 /* Build configuration list for PBXProject "PricingApp" */ = {
			isa = XCConfigurationList;
			buildConfigurations = (
				7B8D82DD1DB52F0100805FC0 /* Debug */,
				7B8D82DE1DB52F0100805FC0 /* Release */,
			);
			defaultConfigurationIsVisible = 0;
			defaultConfigurationName = Release;
		};
		7B8D82DF1DB52F0100805FC0 /* Build configuration list for PBXNativeTarget "PricingApp" */ = {
			isa = XCConfigurationList;
			buildConfigurations = (
				7B8D82E01DB52F0100805FC0 /* Debug */,
				7B8D82E11DB52F0100805FC0 /* Release */,
			);
			defaultConfigurationIsVisible = 0;
			defaultConfigurationName = Release;
		};
/* End XCConfigurationList section */

/* Begin XCVersionGroup section */
		7B8D82D41DB52F0100805FC0 /* PricingApp.xcdatamodeld */ = {
			isa = XCVersionGroup;
			children = (
				7B8D82D51DB52F0100805FC0 /* PricingApp.xcdatamodel */,
			);
			currentVersion = 7B8D82D51DB52F0100805FC0 /* PricingApp.xcdatamodel */;
			path = PricingApp.xcdatamodeld;
			sourceTree = "<group>";
			versionGroupType = wrapper.xcdatamodel;
		};
/* End XCVersionGroup section */
	};
	rootObject = 7B8D82C21DB52F0100805FC0 /* Project object */;
}
